
Microsoft Visual Studio Solution File, Format Version 12.00
# Visual Studio Version 17
VisualStudioVersion = 17.3.32929.385
MinimumVisualStudioVersion = 10.0.40219.1
Project("{FAE04EC0-301F-11D3-BF4B-00C04F79EFBC}") = "MoodAnalyzerTest", "MoodAnalyzerTest\MoodAnalyzerTest.csproj", "{B3010E4D-AA8D-4933-8E89-13FC87744320}"
EndProject
Global
	GlobalSection(SolutionConfigurationPlatforms) = preSolution
		Debug|Any CPU = Debug|Any CPU
		Release|Any CPU = Release|Any CPU
	EndGlobalSection
	GlobalSection(ProjectConfigurationPlatforms) = postSolution
		{B3010E4D-AA8D-4933-8E89-13FC87744320}.Debug|Any CPU.ActiveCfg = Debug|Any CPU
		{B3010E4D-AA8D-4933-8E89-13FC87744320}.Debug|Any CPU.Build.0 = Debug|Any CPU
		{B3010E4D-AA8D-4933-8E89-13FC87744320}.Release|Any CPU.ActiveCfg = Release|Any CPU
		{B3010E4D-AA8D-4933-8E89-13FC87744320}.Release|Any CPU.Build.0 = Release|Any CPU
	EndGlobalSection
	GlobalSection(SolutionProperties) = preSolution
		HideSolutionNode = FALSE
	EndGlobalSection
	GlobalSection(ExtensibilityGlobals) = postSolution
		SolutionGuid = {887C5A98-6C11-4BB9-9532-29573CD11F48}
	EndGlobalSection
EndGlobal
